
Microsoft Visual Studio Solution File, Format Version 12.00
# Visual Studio Version 16
VisualStudioVersion = 16.0.30804.86
MinimumVisualStudioVersion = 10.0.40219.1
Project("{9A19103F-16F7-4668-BE54-9A1E7A4F7556}") = "PQAASys", "PQAASys\PQAASys.csproj", "{3267C0F5-0038-4194-8ADC-DFC3563767A0}"
EndProject
Project("{2150E333-8FDC-42A3-9474-1A3956D46DE8}") = "Solution Items", "Solution Items", "{FB054777-F0FB-4B96-ADEC-F460A8AABC8D}"
	ProjectSection(SolutionItems) = preProject
		.editorconfig = .editorconfig
	EndProjectSection
EndProject
Global
	GlobalSection(SolutionConfigurationPlatforms) = preSolution
		Debug|Any CPU = Debug|Any CPU
		Release|Any CPU = Release|Any CPU
	EndGlobalSection
	GlobalSection(ProjectConfigurationPlatforms) = postSolution
		{3267C0F5-0038-4194-8ADC-DFC3563767A0}.Debug|Any CPU.ActiveCfg = Debug|Any CPU
		{3267C0F5-0038-4194-8ADC-DFC3563767A0}.Debug|Any CPU.Build.0 = Debug|Any CPU
		{3267C0F5-0038-4194-8ADC-DFC3563767A0}.Release|Any CPU.ActiveCfg = Release|Any CPU
		{3267C0F5-0038-4194-8ADC-DFC3563767A0}.Release|Any CPU.Build.0 = Release|Any CPU
	EndGlobalSection
	GlobalSection(SolutionProperties) = preSolution
		HideSolutionNode = FALSE
	EndGlobalSection
	GlobalSection(ExtensibilityGlobals) = postSolution
		SolutionGuid = {953B9D0F-78F2-466C-8FF0-6891202CEF40}
	EndGlobalSection
EndGlobal
